
Microsoft Visual Studio Solution File, Format Version 12.00
# Visual Studio Version 17
VisualStudioVersion = 17.11.35327.3
MinimumVisualStudioVersion = 10.0.40219.1
Project("{FAE04EC0-301F-11D3-BF4B-00C04F79EFBC}") = "exSistemaGestaoCombustivel", "exSistemaGestaoCombustivel\exSistemaGestaoCombustivel.csproj", "{66D3DA0C-BDE3-4F68-8192-93B7F6D51E6D}"
EndProject
Global
	GlobalSection(SolutionConfigurationPlatforms) = preSolution
		Debug|Any CPU = Debug|Any CPU
		Release|Any CPU = Release|Any CPU
	EndGlobalSection
	GlobalSection(ProjectConfigurationPlatforms) = postSolution
		{66D3DA0C-BDE3-4F68-8192-93B7F6D51E6D}.Debug|Any CPU.ActiveCfg = Debug|Any CPU
		{66D3DA0C-BDE3-4F68-8192-93B7F6D51E6D}.Debug|Any CPU.Build.0 = Debug|Any CPU
		{66D3DA0C-BDE3-4F68-8192-93B7F6D51E6D}.Release|Any CPU.ActiveCfg = Release|Any CPU
		{66D3DA0C-BDE3-4F68-8192-93B7F6D51E6D}.Release|Any CPU.Build.0 = Release|Any CPU
	EndGlobalSection
	GlobalSection(SolutionProperties) = preSolution
		HideSolutionNode = FALSE
	EndGlobalSection
	GlobalSection(ExtensibilityGlobals) = postSolution
		SolutionGuid = {D262B860-1085-4CAD-B372-BEE61D4463AB}
	EndGlobalSection
EndGlobal
