
Microsoft Visual Studio Solution File, Format Version 12.00
# Visual Studio Version 17
VisualStudioVersion = 17.9.34723.18
MinimumVisualStudioVersion = 10.0.40219.1
Project("{FAE04EC0-301F-11D3-BF4B-00C04F79EFBC}") = "FilmesFlix", "FilmesFlix\FilmesFlix.csproj", "{A478C54E-C8D2-42EB-BACF-F0EFA71AB549}"
EndProject
Project("{FAE04EC0-301F-11D3-BF4B-00C04F79EFBC}") = "FilmesFlix.Tests", "FilmesFlix.Tests\FilmesFlix.Tests.csproj", "{AC373BF2-F4EB-45FC-8668-F74808E7DC02}"
EndProject
Global
	GlobalSection(SolutionConfigurationPlatforms) = preSolution
		Debug|Any CPU = Debug|Any CPU
		Release|Any CPU = Release|Any CPU
	EndGlobalSection
	GlobalSection(ProjectConfigurationPlatforms) = postSolution
		{A478C54E-C8D2-42EB-BACF-F0EFA71AB549}.Debug|Any CPU.ActiveCfg = Debug|Any CPU
		{A478C54E-C8D2-42EB-BACF-F0EFA71AB549}.Debug|Any CPU.Build.0 = Debug|Any CPU
		{A478C54E-C8D2-42EB-BACF-F0EFA71AB549}.Release|Any CPU.ActiveCfg = Release|Any CPU
		{A478C54E-C8D2-42EB-BACF-F0EFA71AB549}.Release|Any CPU.Build.0 = Release|Any CPU
		{AC373BF2-F4EB-45FC-8668-F74808E7DC02}.Debug|Any CPU.ActiveCfg = Debug|Any CPU
		{AC373BF2-F4EB-45FC-8668-F74808E7DC02}.Debug|Any CPU.Build.0 = Debug|Any CPU
		{AC373BF2-F4EB-45FC-8668-F74808E7DC02}.Release|Any CPU.ActiveCfg = Release|Any CPU
		{AC373BF2-F4EB-45FC-8668-F74808E7DC02}.Release|Any CPU.Build.0 = Release|Any CPU
	EndGlobalSection
	GlobalSection(SolutionProperties) = preSolution
		HideSolutionNode = FALSE
	EndGlobalSection
	GlobalSection(ExtensibilityGlobals) = postSolution
		SolutionGuid = {437C0AC0-88F4-49B5-B6B2-F79DB5FDC023}
	EndGlobalSection
EndGlobal
