
Microsoft Visual Studio Solution File, Format Version 12.00
# Visual Studio Version 17
VisualStudioVersion = 17.8.34309.116
MinimumVisualStudioVersion = 10.0.40219.1
Project("{FAE04EC0-301F-11D3-BF4B-00C04F79EFBC}") = "TaxiManagment", "TaxiManagment\TaxiManagment.csproj", "{9D82AFFF-EB0E-47B9-AC50-9A850FB60F1E}"
EndProject
Global
	GlobalSection(SolutionConfigurationPlatforms) = preSolution
		Debug|Any CPU = Debug|Any CPU
		Release|Any CPU = Release|Any CPU
	EndGlobalSection
	GlobalSection(ProjectConfigurationPlatforms) = postSolution
		{9D82AFFF-EB0E-47B9-AC50-9A850FB60F1E}.Debug|Any CPU.ActiveCfg = Debug|Any CPU
		{9D82AFFF-EB0E-47B9-AC50-9A850FB60F1E}.Debug|Any CPU.Build.0 = Debug|Any CPU
		{9D82AFFF-EB0E-47B9-AC50-9A850FB60F1E}.Release|Any CPU.ActiveCfg = Release|Any CPU
		{9D82AFFF-EB0E-47B9-AC50-9A850FB60F1E}.Release|Any CPU.Build.0 = Release|Any CPU
	EndGlobalSection
	GlobalSection(SolutionProperties) = preSolution
		HideSolutionNode = FALSE
	EndGlobalSection
	GlobalSection(ExtensibilityGlobals) = postSolution
		SolutionGuid = {F7687603-6F05-49CB-B90B-8CE5A05D612E}
	EndGlobalSection
EndGlobal
